Microsoft Visual Studio Solution File, Format Version 12.00
# Visual Studio Version 17
VisualStudioVersion = 17.13.35828.75
MinimumVisualStudioVersion = 10.0.40219.1
Project("{FAE04EC0-301F-11D3-BF4B-00C04F79EFBC}") = "Proveedores.Api", "Proveedores.Api\Proveedores.Api.csproj", "{225FFA41-217C-485F-945B-CD54473B750C}"
EndProject
Project("{FAE04EC0-301F-11D3-BF4B-00C04F79EFBC}") = "Proveedores.Dominio", "Proveedores.Dominio\Proveedores.Dominio.csproj", "{844841DA-DDE0-4853-8A2D-05BFF831321B}"
EndProject
Project("{FAE04EC0-301F-11D3-BF4B-00C04F79EFBC}") = "Proveedores.Infraestructura", "Proveedores.Infraestructura\Proveedores.Infraestructura.csproj", "{3C2BE629-4FBB-47A5-80DE-3E0550F1B266}"
EndProject
Project("{FAE04EC0-301F-11D3-BF4B-00C04F79EFBC}") = "Proveedores.Aplicacion", "Proveedores.Aplicacion\Proveedores.Aplicacion.csproj", "{1D1A74C0-2559-417F-8466-9E9A92C28440}"
EndProject
Global
	GlobalSection(SolutionConfigurationPlatforms) = preSolution
		Debug|Any CPU = Debug|Any CPU
		Release|Any CPU = Release|Any CPU
	EndGlobalSection
	GlobalSection(ProjectConfigurationPlatforms) = postSolution
		{225FFA41-217C-485F-945B-CD54473B750C}.Debug|Any CPU.ActiveCfg = Debug|Any CPU
		{225FFA41-217C-485F-945B-CD54473B750C}.Debug|Any CPU.Build.0 = Debug|Any CPU
		{225FFA41-217C-485F-945B-CD54473B750C}.Release|Any CPU.ActiveCfg = Release|Any CPU
		{225FFA41-217C-485F-945B-CD54473B750C}.Release|Any CPU.Build.0 = Release|Any CPU
		{844841DA-DDE0-4853-8A2D-05BFF831321B}.Debug|Any CPU.ActiveCfg = Debug|Any CPU
		{844841DA-DDE0-4853-8A2D-05BFF831321B}.Debug|Any CPU.Build.0 = Debug|Any CPU
		{844841DA-DDE0-4853-8A2D-05BFF831321B}.Release|Any CPU.ActiveCfg = Release|Any CPU
		{844841DA-DDE0-4853-8A2D-05BFF831321B}.Release|Any CPU.Build.0 = Release|Any CPU
		{3C2BE629-4FBB-47A5-80DE-3E0550F1B266}.Debug|Any CPU.ActiveCfg = Debug|Any CPU
		{3C2BE629-4FBB-47A5-80DE-3E0550F1B266}.Debug|Any CPU.Build.0 = Debug|Any CPU
		{3C2BE629-4FBB-47A5-80DE-3E0550F1B266}.Release|Any CPU.ActiveCfg = Release|Any CPU
		{3C2BE629-4FBB-47A5-80DE-3E0550F1B266}.Release|Any CPU.Build.0 = Release|Any CPU
		{1D1A74C0-2559-417F-8466-9E9A92C28440}.Debug|Any CPU.ActiveCfg = Debug|Any CPU
		{1D1A74C0-2559-417F-8466-9E9A92C28440}.Debug|Any CPU.Build.0 = Debug|Any CPU
		{1D1A74C0-2559-417F-8466-9E9A92C28440}.Release|Any CPU.ActiveCfg = Release|Any CPU
		{1D1A74C0-2559-417F-8466-9E9A92C28440}.Release|Any CPU.Build.0 = Release|Any CPU
	EndGlobalSection
	GlobalSection(SolutionProperties) = preSolution
		HideSolutionNode = FALSE
	EndGlobalSection
	GlobalSection(ExtensibilityGlobals) = postSolution
		SolutionGuid = {C14B8CCA-4A35-4037-BF64-9E2D65DAD811}
	EndGlobalSection
EndGlobal
